
Microsoft Visual Studio Solution File, Format Version 12.00
# Visual Studio Version 16
VisualStudioVersion = 16.0.30406.217
MinimumVisualStudioVersion = 10.0.40219.1
Project("{FAE04EC0-301F-11D3-BF4B-00C04F79EFBC}") = "FileAES-Installer", "FileAES-Installer\FileAES-Installer.csproj", "{38BA15FC-48E6-4D9E-8921-91A9EAFD8293}"
EndProject
Global
	GlobalSection(SolutionConfigurationPlatforms) = preSolution
		Debug|Any CPU = Debug|Any CPU
		Release|Any CPU = Release|Any CPU
	EndGlobalSection
	GlobalSection(ProjectConfigurationPlatforms) = postSolution
		{38BA15FC-48E6-4D9E-8921-91A9EAFD8293}.Debug|Any CPU.ActiveCfg = Debug|Any CPU
		{38BA15FC-48E6-4D9E-8921-91A9EAFD8293}.Debug|Any CPU.Build.0 = Debug|Any CPU
		{38BA15FC-48E6-4D9E-8921-91A9EAFD8293}.Release|Any CPU.ActiveCfg = Release|Any CPU
		{38BA15FC-48E6-4D9E-8921-91A9EAFD8293}.Release|Any CPU.Build.0 = Release|Any CPU
	EndGlobalSection
	GlobalSection(SolutionProperties) = preSolution
		HideSolutionNode = FALSE
	EndGlobalSection
	GlobalSection(ExtensibilityGlobals) = postSolution
		SolutionGuid = {132E81EF-C34F-475B-948F-3920A5B3ADB9}
	EndGlobalSection
EndGlobal
